
Microsoft Visual Studio Solution File, Format Version 12.00
# Visual Studio for Mac
Project("{FAE04EC0-301F-11D3-BF4B-00C04F79EFBC}") = "Assembly-CSharp", "Assembly-CSharp.csproj", "{6A5AF402-4C3B-92DC-A8C8-04991A8AE69B}"
EndProject
Project("{FAE04EC0-301F-11D3-BF4B-00C04F79EFBC}") = "Assembly-CSharp-Editor", "Assembly-CSharp-Editor.csproj", "{638887D0-6FEB-370F-A7E0-E9FC983D60F5}"
EndProject
Global
	GlobalSection(SolutionConfigurationPlatforms) = preSolution
		Debug|Any CPU = Debug|Any CPU
		Release|Any CPU = Release|Any CPU
	EndGlobalSection
	GlobalSection(ProjectConfigurationPlatforms) = postSolution
		{6A5AF402-4C3B-92DC-A8C8-04991A8AE69B}.Debug|Any CPU.ActiveCfg = Debug|Any CPU
		{6A5AF402-4C3B-92DC-A8C8-04991A8AE69B}.Debug|Any CPU.Build.0 = Debug|Any CPU
		{6A5AF402-4C3B-92DC-A8C8-04991A8AE69B}.Release|Any CPU.ActiveCfg = Release|Any CPU
		{6A5AF402-4C3B-92DC-A8C8-04991A8AE69B}.Release|Any CPU.Build.0 = Release|Any CPU
		{638887D0-6FEB-370F-A7E0-E9FC983D60F5}.Debug|Any CPU.ActiveCfg = Debug|Any CPU
		{638887D0-6FEB-370F-A7E0-E9FC983D60F5}.Debug|Any CPU.Build.0 = Debug|Any CPU
		{638887D0-6FEB-370F-A7E0-E9FC983D60F5}.Release|Any CPU.ActiveCfg = Release|Any CPU
		{638887D0-6FEB-370F-A7E0-E9FC983D60F5}.Release|Any CPU.Build.0 = Release|Any CPU
	EndGlobalSection
	GlobalSection(SolutionProperties) = preSolution
		HideSolutionNode = FALSE
	EndGlobalSection
EndGlobal
